{
  "name": "auraframes-file-sync",
  "version": "1.0.0",
  "lockfileVersion": 2,
  "requires": true,
  "packages": {
    "": {
      "name": "auraframes-file-sync",
      "version": "1.0.0",
      "license": "MIT",
      "dependencies": {
        "@mvarrieur/auraframes-api": "^0.0.1",
        "esm": "^3.2.25"
      },
      "bin": {
        "send-to-frame": "bin/send-to-frame"
      },
      "devDependencies": {
        "esbuild": "^0.15.10",
        "prettier": "^2.7.1"
      }
    },
    "node_modules/@mvarrieur/auraframes-api": {
      "version": "0.0.1",
      "resolved": "https://registry.npmjs.org/@mvarrieur/auraframes-api/-/auraframes-api-0.0.1.tgz",
      "integrity": "sha512-1VlFyU5LA/tJsLe14qeYjTd2qT38m+S18wKkz0FcEVEj9CCw6xHixchL/tiNneJvJt9DUHU1LKMEOiBbrM99VA==",
      "license": "Unlicense",
      "dependencies": {
        "es6-promise": "^4.2.4",
        "url-parse": "^1.4.3",
        "whatwg-fetch": "^3.0.0"
      }
    },
    "node_modules/es6-promise": {
      "version": "4.2.8",
      "resolved": "https://registry.npmjs.org/es6-promise/-/es6-promise-4.2.8.tgz",
      "integrity": "sha512-HJDGx5daxeIvxdBxvG2cb9g4tEvwIk3i8+nhX0yGrYmZUzbkdg8QbDevheDB8gd0//uPj4c1EQua8Q+MViT0/w==",
      "license": "MIT"
    },
    "node_modules/esbuild": {
      "version": "0.15.10",
      "resolved": "https://registry.npmjs.org/esbuild/-/esbuild-0.15.10.tgz",
      "integrity": "sha512-N7wBhfJ/E5fzn/SpNgX+oW2RLRjwaL8Y0ezqNqhjD6w0H2p0rDuEz2FKZqpqLnO8DCaWumKe8dsC/ljvVSSxng==",
      "dev": true,
      "hasInstallScript": true,
      "license": "MIT",
      "bin": {
        "esbuild": "bin/esbuild"
      },
      "engines": {
        "node": ">=12"
      },
      "optionalDependencies": {
        "@esbuild/android-arm": "0.15.10",
        "@esbuild/linux-loong64": "0.15.10",
        "esbuild-android-64": "0.15.10",
        "esbuild-android-arm64": "0.15.10",
        "esbuild-darwin-64": "0.15.10",
        "esbuild-darwin-arm64": "0.15.10",
        "esbuild-freebsd-64": "0.15.10",
        "esbuild-freebsd-arm64": "0.15.10",
        "esbuild-linux-32": "0.15.10",
        "esbuild-linux-64": "0.15.10",
        "esbuild-linux-arm": "0.15.10",
        "esbuild-linux-arm64": "0.15.10",
        "esbuild-linux-mips64le": "0.15.10",
        "esbuild-linux-ppc64le": "0.15.10",
        "esbuild-linux-riscv64": "0.15.10",
        "esbuild-linux-s390x": "0.15.10",
        "esbuild-netbsd-64": "0.15.10",
        "esbuild-openbsd-64": "0.15.10",
        "esbuild-sunos-64": "0.15.10",
        "esbuild-windows-32": "0.15.10",
        "esbuild-windows-64": "0.15.10",
        "esbuild-windows-arm64": "0.15.10"
      }
    },
    "node_modules/esbuild-linux-64": {
      "version": "0.15.10",
      "resolved": "https://registry.npmjs.org/esbuild-linux-64/-/esbuild-linux-64-0.15.10.tgz",
      "integrity": "sha512-jd8XfaSJeucMpD63YNMO1JCrdJhckHWcMv6O233bL4l6ogQKQOxBYSRP/XLWP+6kVTu0obXovuckJDcA0DKtQA==",
      "cpu": [
        "x64"
      ],
      "dev": true,
      "license": "MIT",
      "optional": true,
      "os": [
        "linux"
      ],
      "engines": {
        "node": ">=12"
      }
    },
    "node_modules/esm": {
      "version": "3.2.25",
      "resolved": "https://registry.npmjs.org/esm/-/esm-3.2.25.tgz",
      "integrity": "sha512-U1suiZ2oDVWv4zPO56S0NcR5QriEahGtdN2OR6FiOG4WJvcjBVFB0qI4+eKoWFH483PKGuLuu6V8Z4T5g63UVA==",
      "license": "MIT",
      "engines": {
        "node": ">=6"
      }
    },
    "node_modules/prettier": {
      "version": "2.7.1",
      "resolved": "https://registry.npmjs.org/prettier/-/prettier-2.7.1.tgz",
      "integrity": "sha512-ujppO+MkdPqoVINuDFDRLClm7D78qbDt0/NR+wp5FqEZOoTNAjPHWj17QRhu7geIHJfcNhRk1XVQmF8Bp3ye+g==",
      "dev": true,
      "license": "MIT",
      "bin": {
        "prettier": "bin-prettier.js"
      },
      "engines": {
        "node": ">=10.13.0"
      },
      "funding": {
        "url": "https://github.com/prettier/prettier?sponsor=1"
      }
    },
    "node_modules/querystringify": {
      "version": "2.2.0",
      "resolved": "https://registry.npmjs.org/querystringify/-/querystringify-2.2.0.tgz",
      "integrity": "sha512-FIqgj2EUvTa7R50u0rGsyTftzjYmv/a3hO345bZNrqabNqjtgiDMgmo4mkUjd+nzU5oF3dClKqFIPUKybUyqoQ==",
      "license": "MIT"
    },
    "node_modules/requires-port": {
      "version": "1.0.0",
      "resolved": "https://registry.npmjs.org/requires-port/-/requires-port-1.0.0.tgz",
      "integrity": "sha512-KigOCHcocU3XODJxsu8i/j8T9tzT4adHiecwORRQ0ZZFcp7ahwXuRU1m+yuO90C5ZUyGeGfocHDI14M3L3yDAQ==",
      "license": "MIT"
    },
    "node_modules/url-parse": {
      "version": "1.5.10",
      "resolved": "https://registry.npmjs.org/url-parse/-/url-parse-1.5.10.tgz",
      "integrity": "sha512-WypcfiRhfeUP9vvF0j6rw0J3hrWrw6iZv3+22h6iRMJ/8z1Tj6XfLP4DsUix5MhMPnXpiHDoKyoZ/bdCkwBCiQ==",
      "license": "MIT",
      "dependencies": {
        "querystringify": "^2.1.1",
        "requires-port": "^1.0.0"
      }
    },
    "node_modules/whatwg-fetch": {
      "version": "3.6.2",
      "resolved": "https://registry.npmjs.org/whatwg-fetch/-/whatwg-fetch-3.6.2.tgz",
      "integrity": "sha512-bJlen0FcuU/0EMLrdbJ7zOnW6ITZLrZMIarMUVmdKtsGvZna8vxKYaexICWPfZ8qwf9fzNq+UEIZrnSaApt6RA==",
      "license": "MIT"
    }
  },
  "dependencies": {
    "@mvarrieur/auraframes-api": {
      "version": "0.0.1",
      "resolved": "https://registry.npmjs.org/@mvarrieur/auraframes-api/-/auraframes-api-0.0.1.tgz",
      "integrity": "sha512-1VlFyU5LA/tJsLe14qeYjTd2qT38m+S18wKkz0FcEVEj9CCw6xHixchL/tiNneJvJt9DUHU1LKMEOiBbrM99VA==",
      "requires": {
        "es6-promise": "^4.2.4",
        "url-parse": "^1.4.3",
        "whatwg-fetch": "^3.0.0"
      }
    },
    "es6-promise": {
      "version": "4.2.8",
      "resolved": "https://registry.npmjs.org/es6-promise/-/es6-promise-4.2.8.tgz",
      "integrity": "sha512-HJDGx5daxeIvxdBxvG2cb9g4tEvwIk3i8+nhX0yGrYmZUzbkdg8QbDevheDB8gd0//uPj4c1EQua8Q+MViT0/w=="
    },
    "esbuild": {
      "version": "0.15.10",
      "resolved": "https://registry.npmjs.org/esbuild/-/esbuild-0.15.10.tgz",
      "integrity": "sha512-N7wBhfJ/E5fzn/SpNgX+oW2RLRjwaL8Y0ezqNqhjD6w0H2p0rDuEz2FKZqpqLnO8DCaWumKe8dsC/ljvVSSxng==",
      "dev": true,
      "requires": {
        "@esbuild/android-arm": "0.15.10",
        "@esbuild/linux-loong64": "0.15.10",
        "esbuild-android-64": "0.15.10",
        "esbuild-android-arm64": "0.15.10",
        "esbuild-darwin-64": "0.15.10",
        "esbuild-darwin-arm64": "0.15.10",
        "esbuild-freebsd-64": "0.15.10",
        "esbuild-freebsd-arm64": "0.15.10",
        "esbuild-linux-32": "0.15.10",
        "esbuild-linux-64": "0.15.10",
        "esbuild-linux-arm": "0.15.10",
        "esbuild-linux-arm64": "0.15.10",
        "esbuild-linux-mips64le": "0.15.10",
        "esbuild-linux-ppc64le": "0.15.10",
        "esbuild-linux-riscv64": "0.15.10",
        "esbuild-linux-s390x": "0.15.10",
        "esbuild-netbsd-64": "0.15.10",
        "esbuild-openbsd-64": "0.15.10",
        "esbuild-sunos-64": "0.15.10",
        "esbuild-windows-32": "0.15.10",
        "esbuild-windows-64": "0.15.10",
        "esbuild-windows-arm64": "0.15.10"
      }
    },
    "esbuild-linux-64": {
      "version": "0.15.10",
      "resolved": "https://registry.npmjs.org/esbuild-linux-64/-/esbuild-linux-64-0.15.10.tgz",
      "integrity": "sha512-jd8XfaSJeucMpD63YNMO1JCrdJhckHWcMv6O233bL4l6ogQKQOxBYSRP/XLWP+6kVTu0obXovuckJDcA0DKtQA==",
      "dev": true,
      "optional": true
    },
    "esm": {
      "version": "3.2.25",
      "resolved": "https://registry.npmjs.org/esm/-/esm-3.2.25.tgz",
      "integrity": "sha512-U1suiZ2oDVWv4zPO56S0NcR5QriEahGtdN2OR6FiOG4WJvcjBVFB0qI4+eKoWFH483PKGuLuu6V8Z4T5g63UVA=="
    },
    "prettier": {
      "version": "2.7.1",
      "resolved": "https://registry.npmjs.org/prettier/-/prettier-2.7.1.tgz",
      "integrity": "sha512-ujppO+MkdPqoVINuDFDRLClm7D78qbDt0/NR+wp5FqEZOoTNAjPHWj17QRhu7geIHJfcNhRk1XVQmF8Bp3ye+g==",
      "dev": true
    },
    "querystringify": {
      "version": "2.2.0",
      "resolved": "https://registry.npmjs.org/querystringify/-/querystringify-2.2.0.tgz",
      "integrity": "sha512-FIqgj2EUvTa7R50u0rGsyTftzjYmv/a3hO345bZNrqabNqjtgiDMgmo4mkUjd+nzU5oF3dClKqFIPUKybUyqoQ=="
    },
    "requires-port": {
      "version": "1.0.0",
      "resolved": "https://registry.npmjs.org/requires-port/-/requires-port-1.0.0.tgz",
      "integrity": "sha512-KigOCHcocU3XODJxsu8i/j8T9tzT4adHiecwORRQ0ZZFcp7ahwXuRU1m+yuO90C5ZUyGeGfocHDI14M3L3yDAQ=="
    },
    "url-parse": {
      "version": "1.5.10",
      "resolved": "https://registry.npmjs.org/url-parse/-/url-parse-1.5.10.tgz",
      "integrity": "sha512-WypcfiRhfeUP9vvF0j6rw0J3hrWrw6iZv3+22h6iRMJ/8z1Tj6XfLP4DsUix5MhMPnXpiHDoKyoZ/bdCkwBCiQ==",
      "requires": {
        "querystringify": "^2.1.1",
        "requires-port": "^1.0.0"
      }
    },
    "whatwg-fetch": {
      "version": "3.6.2",
      "resolved": "https://registry.npmjs.org/whatwg-fetch/-/whatwg-fetch-3.6.2.tgz",
      "integrity": "sha512-bJlen0FcuU/0EMLrdbJ7zOnW6ITZLrZMIarMUVmdKtsGvZna8vxKYaexICWPfZ8qwf9fzNq+UEIZrnSaApt6RA=="
    }
  }
}
